// !$*UTF8*$!
{
	archiveVersion = 1;
	classes = {
	};
	objectVersion = 52;
	objects = {

/* Begin PBXBuildFile section */
		1D3DC321B2AEE6D6232C6108 /* Pods_FlixTests.framework in Frameworks */ = {isa = PBXBuildFile; fileRef = 9C451D25A0673F0E017FB5B4 /* Pods_FlixTests.framework */; };
		263B0D5326E90B2800E4C836 /* AlamofireImage in Frameworks */ = {isa = PBXBuildFile; productRef = 263B0D5226E90B2800E4C836 /* AlamofireImage */; };
		2692274526E0449F008C8D21 /* AppDelegate.swift in Sources */ = {isa = PBXBuildFile; fileRef = 2692274426E0449F008C8D21 /* AppDelegate.swift */; };
		2692274726E0449F008C8D21 /* SceneDelegate.swift in Sources */ = {isa = PBXBuildFile; fileRef = 2692274626E0449F008C8D21 /* SceneDelegate.swift */; };
		2692274C26E0449F008C8D21 /* Main.storyboard in Resources */ = {isa = PBXBuildFile; fileRef = 2692274A26E0449F008C8D21 /* Main.storyboard */; };
		2692274E26E044A0008C8D21 /* Assets.xcassets in Resources */ = {isa = PBXBuildFile; fileRef = 2692274D26E044A0008C8D21 /* Assets.xcassets */; };
		2692275126E044A0008C8D21 /* LaunchScreen.storyboard in Resources */ = {isa = PBXBuildFile; fileRef = 2692274F26E044A0008C8D21 /* LaunchScreen.storyboard */; };
		2692275C26E044A1008C8D21 /* FlixTests.swift in Sources */ = {isa = PBXBuildFile; fileRef = 2692275B26E044A1008C8D21 /* FlixTests.swift */; };
		2692276726E044A1008C8D21 /* FlixUITests.swift in Sources */ = {isa = PBXBuildFile; fileRef = 2692276626E044A1008C8D21 /* FlixUITests.swift */; };
		2692277526E04D17008C8D21 /* MoviesViewController.swift in Sources */ = {isa = PBXBuildFile; fileRef = 2692277426E04D17008C8D21 /* MoviesViewController.swift */; };
		2692277726E05C5B008C8D21 /* MovieCell.swift in Sources */ = {isa = PBXBuildFile; fileRef = 2692277626E05C5B008C8D21 /* MovieCell.swift */; };
		26CBF1E626EE697800F9C793 /* MovieDetailsViewController.swift in Sources */ = {isa = PBXBuildFile; fileRef = 26CBF1E526EE697800F9C793 /* MovieDetailsViewController.swift */; };
		26CBF1E826EE83EC00F9C793 /* MovieGridViewController.swift in Sources */ = {isa = PBXBuildFile; fileRef = 26CBF1E726EE83EC00F9C793 /* MovieGridViewController.swift */; };
		26CBF1EA26EE8BCB00F9C793 /* MovieGridCell.swift in Sources */ = {isa = PBXBuildFile; fileRef = 26CBF1E926EE8BCB00F9C793 /* MovieGridCell.swift */; };
		3A8D01D2A28A8A67E0014209 /* Pods_Flix_FlixUITests.framework in Frameworks */ = {isa = PBXBuildFile; fileRef = 79B269F0F39394714D6B404A /* Pods_Flix_FlixUITests.framework */; };
		C980E5C05283D0393328E1C4 /* Pods_Flix.framework in Frameworks */ = {isa = PBXBuildFile; fileRef = 1438CFAD06BB951832EF00CA /* Pods_Flix.framework */; };
/* End PBXBuildFile section */

/* Begin PBXContainerItemProxy section */
		2692275826E044A1008C8D21 /* PBXContainerItemProxy */ = {
			isa = PBXContainerItemProxy;
			containerPortal = 2692273926E0449F008C8D21 /* Project object */;
			proxyType = 1;
			remoteGlobalIDString = 2692274026E0449F008C8D21;
			remoteInfo = Flix;
		};
		2692276326E044A1008C8D21 /* PBXContainerItemProxy */ = {
			isa = PBXContainerItemProxy;
			containerPortal = 2692273926E0449F008C8D21 /* Project object */;
			proxyType = 1;
			remoteGlobalIDString = 2692274026E0449F008C8D21;
			remoteInfo = Flix;
		};
/* End PBXContainerItemProxy section */

/* Begin PBXFileReference section */
		1438CFAD06BB951832EF00CA /* Pods_Flix.framework */ = {isa = PBXFileReference; explicitFileType = wrapper.framework; includeInIndex = 0; path = Pods_Flix.framework; sourceTree = BUILT_PRODUCTS_DIR; };
		16F98F4079D920BBAFB83FBB /* Pods-Flix-FlixUITests.release.xcconfig */ = {isa = PBXFileReference; includeInIndex = 1; lastKnownFileType = text.xcconfig; name = "Pods-Flix-FlixUITests.release.xcconfig"; path = "Target Support Files/Pods-Flix-FlixUITests/Pods-Flix-FlixUITests.release.xcconfig"; sourceTree = "<group>"; };
		2692274126E0449F008C8D21 /* Flix.app */ = {isa = PBXFileReference; explicitFileType = wrapper.application; includeInIndex = 0; path = Flix.app; sourceTree = BUILT_PRODUCTS_DIR; };
		2692274426E0449F008C8D21 /* AppDelegate.swift */ = {isa = PBXFileReference; lastKnownFileType = sourcecode.swift; path = AppDelegate.swift; sourceTree = "<group>"; };
		2692274626E0449F008C8D21 /* SceneDelegate.swift */ = {isa = PBXFileReference; lastKnownFileType = sourcecode.swift; path = SceneDelegate.swift; sourceTree = "<group>"; };
		2692274B26E0449F008C8D21 /* Base */ = {isa = PBXFileReference; lastKnownFileType = file.storyboard; name = Base; path = Base.lproj/Main.storyboard; sourceTree = "<group>"; };
		2692274D26E044A0008C8D21 /* Assets.xcassets */ = {isa = PBXFileReference; lastKnownFileType = folder.assetcatalog; path = Assets.xcassets; sourceTree = "<group>"; };
		2692275026E044A0008C8D21 /* Base */ = {isa = PBXFileReference; lastKnownFileType = file.storyboard; name = Base; path = Base.lproj/LaunchScreen.storyboard; sourceTree = "<group>"; };
		2692275226E044A0008C8D21 /* Info.plist */ = {isa = PBXFileReference; lastKnownFileType = text.plist.xml; path = Info.plist; sourceTree = "<group>"; };
		2692275726E044A1008C8D21 /* FlixTests.xctest */ = {isa = PBXFileReference; explicitFileType = wrapper.cfbundle; includeInIndex = 0; path = FlixTests.xctest; sourceTree = BUILT_PRODUCTS_DIR; };
		2692275B26E044A1008C8D21 /* FlixTests.swift */ = {isa = PBXFileReference; lastKnownFileType = sourcecode.swift; path = FlixTests.swift; sourceTree = "<group>"; };
		2692275D26E044A1008C8D21 /* Info.plist */ = {isa = PBXFileReference; lastKnownFileType = text.plist.xml; path = Info.plist; sourceTree = "<group>"; };
		2692276226E044A1008C8D21 /* FlixUITests.xctest */ = {isa = PBXFileReference; explicitFileType = wrapper.cfbundle; includeInIndex = 0; path = FlixUITests.xctest; sourceTree = BUILT_PRODUCTS_DIR; };
		2692276626E044A1008C8D21 /* FlixUITests.swift */ = {isa = PBXFileReference; lastKnownFileType = sourcecode.swift; path = FlixUITests.swift; sourceTree = "<group>"; };
		2692276826E044A1008C8D21 /* Info.plist */ = {isa = PBXFileReference; lastKnownFileType = text.plist.xml; path = Info.plist; sourceTree = "<group>"; };
		2692277426E04D17008C8D21 /* MoviesViewController.swift */ = {isa = PBXFileReference; lastKnownFileType = sourcecode.swift; path = MoviesViewController.swift; sourceTree = "<group>"; };
		2692277626E05C5B008C8D21 /* MovieCell.swift */ = {isa = PBXFileReference; lastKnownFileType = sourcecode.swift; path = MovieCell.swift; sourceTree = "<group>"; };
		26CBF1E526EE697800F9C793 /* MovieDetailsViewController.swift */ = {isa = PBXFileReference; lastKnownFileType = sourcecode.swift; path = MovieDetailsViewController.swift; sourceTree = "<group>"; };
		26CBF1E726EE83EC00F9C793 /* MovieGridViewController.swift */ = {isa = PBXFileReference; lastKnownFileType = sourcecode.swift; path = MovieGridViewController.swift; sourceTree = "<group>"; };
		26CBF1E926EE8BCB00F9C793 /* MovieGridCell.swift */ = {isa = PBXFileReference; lastKnownFileType = sourcecode.swift; path = MovieGridCell.swift; sourceTree = "<group>"; };
		3EF651D9D5689B1CD8F1603A /* Pods-Flix.release.xcconfig */ = {isa = PBXFileReference; includeInIndex = 1; lastKnownFileType = text.xcconfig; name = "Pods-Flix.release.xcconfig"; path = "Target Support Files/Pods-Flix/Pods-Flix.release.xcconfig"; sourceTree = "<group>"; };
		74667E7294F0D2A69C92C2EB /* Pods-Flix.debug.xcconfig */ = {isa = PBXFileReference; includeInIndex = 1; lastKnownFileType = text.xcconfig; name = "Pods-Flix.debug.xcconfig"; path = "Target Support Files/Pods-Flix/Pods-Flix.debug.xcconfig"; sourceTree = "<group>"; };
		79B269F0F39394714D6B404A /* Pods_Flix_FlixUITests.framework */ = {isa = PBXFileReference; explicitFileType = wrapper.framework; includeInIndex = 0; path = Pods_Flix_FlixUITests.framework; sourceTree = BUILT_PRODUCTS_DIR; };
		7C2958432B17DC9018143318 /* Pods-Flix-FlixUITests.debug.xcconfig */ = {isa = PBXFileReference; includeInIndex = 1; lastKnownFileType = text.xcconfig; name = "Pods-Flix-FlixUITests.debug.xcconfig"; path = "Target Support Files/Pods-Flix-FlixUITests/Pods-Flix-FlixUITests.debug.xcconfig"; sourceTree = "<group>"; };
		9C451D25A0673F0E017FB5B4 /* Pods_FlixTests.framework */ = {isa = PBXFileReference; explicitFileType = wrapper.framework; includeInIndex = 0; path = Pods_FlixTests.framework; sourceTree = BUILT_PRODUCTS_DIR; };
		C6AA1923387C3D073703DFF3 /* Pods-FlixTests.debug.xcconfig */ = {isa = PBXFileReference; includeInIndex = 1; lastKnownFileType = text.xcconfig; name = "Pods-FlixTests.debug.xcconfig"; path = "Target Support Files/Pods-FlixTests/Pods-FlixTests.debug.xcconfig"; sourceTree = "<group>"; };
		CA180765CAFD346A6EB7F9A1 /* Pods-FlixTests.release.xcconfig */ = {isa = PBXFileReference; includeInIndex = 1; lastKnownFileType = text.xcconfig; name = "Pods-FlixTests.release.xcconfig"; path = "Target Support Files/Pods-FlixTests/Pods-FlixTests.release.xcconfig"; sourceTree = "<group>"; };
/* End PBXFileReference section */

/* Begin PBXFrameworksBuildPhase section */
		2692273E26E0449F008C8D21 /* Frameworks */ = {
			isa = PBXFrameworksBuildPhase;
			buildActionMask = 2147483647;
			files = (
				263B0D5326E90B2800E4C836 /* AlamofireImage in Frameworks */,
				C980E5C05283D0393328E1C4 /* Pods_Flix.framework in Frameworks */,
			);
			runOnlyForDeploymentPostprocessing = 0;
		};
		2692275426E044A1008C8D21 /* Frameworks */ = {
			isa = PBXFrameworksBuildPhase;
			buildActionMask = 2147483647;
			files = (
				1D3DC321B2AEE6D6232C6108 /* Pods_FlixTests.framework in Frameworks */,
			);
			runOnlyForDeploymentPostprocessing = 0;
		};
		2692275F26E044A1008C8D21 /* Frameworks */ = {
			isa = PBXFrameworksBuildPhase;
			buildActionMask = 2147483647;
			files = (
				3A8D01D2A28A8A67E0014209 /* Pods_Flix_FlixUITests.framework in Frameworks */,
			);
			runOnlyForDeploymentPostprocessing = 0;
		};
/* End PBXFrameworksBuildPhase section */

/* Begin PBXGroup section */
		2692273826E0449F008C8D21 = {
			isa = PBXGroup;
			children = (
				2692274326E0449F008C8D21 /* Flix */,
				2692275A26E044A1008C8D21 /* FlixTests */,
				2692276526E044A1008C8D21 /* FlixUITests */,
				2692274226E0449F008C8D21 /* Products */,
				FB251703422C1820FF9623B9 /* Pods */,
				8F49C791F4759CBD6CE37983 /* Frameworks */,
			);
			sourceTree = "<group>";
		};
		2692274226E0449F008C8D21 /* Products */ = {
			isa = PBXGroup;
			children = (
				2692274126E0449F008C8D21 /* Flix.app */,
				2692275726E044A1008C8D21 /* FlixTests.xctest */,
				2692276226E044A1008C8D21 /* FlixUITests.xctest */,
			);
			name = Products;
			sourceTree = "<group>";
		};
		2692274326E0449F008C8D21 /* Flix */ = {
			isa = PBXGroup;
			children = (
				2692274426E0449F008C8D21 /* AppDelegate.swift */,
				2692274626E0449F008C8D21 /* SceneDelegate.swift */,
				2692274A26E0449F008C8D21 /* Main.storyboard */,
				26CBF1E926EE8BCB00F9C793 /* MovieGridCell.swift */,
				26CBF1E726EE83EC00F9C793 /* MovieGridViewController.swift */,
				26CBF1E526EE697800F9C793 /* MovieDetailsViewController.swift */,
				2692277626E05C5B008C8D21 /* MovieCell.swift */,
				2692274D26E044A0008C8D21 /* Assets.xcassets */,
				2692274F26E044A0008C8D21 /* LaunchScreen.storyboard */,
				2692275226E044A0008C8D21 /* Info.plist */,
				2692277426E04D17008C8D21 /* MoviesViewController.swift */,
			);
			path = Flix;
			sourceTree = "<group>";
		};
		2692275A26E044A1008C8D21 /* FlixTests */ = {
			isa = PBXGroup;
			children = (
				2692275B26E044A1008C8D21 /* FlixTests.swift */,
				2692275D26E044A1008C8D21 /* Info.plist */,
			);
			path = FlixTests;
			sourceTree = "<group>";
		};
		2692276526E044A1008C8D21 /* FlixUITests */ = {
			isa = PBXGroup;
			children = (
				2692276626E044A1008C8D21 /* FlixUITests.swift */,
				2692276826E044A1008C8D21 /* Info.plist */,
			);
			path = FlixUITests;
			sourceTree = "<group>";
		};
		8F49C791F4759CBD6CE37983 /* Frameworks */ = {
			isa = PBXGroup;
			children = (
				1438CFAD06BB951832EF00CA /* Pods_Flix.framework */,
				79B269F0F39394714D6B404A /* Pods_Flix_FlixUITests.framework */,
				9C451D25A0673F0E017FB5B4 /* Pods_FlixTests.framework */,
			);
			name = Frameworks;
			sourceTree = "<group>";
		};
		FB251703422C1820FF9623B9 /* Pods */ = {
			isa = PBXGroup;
			children = (
				74667E7294F0D2A69C92C2EB /* Pods-Flix.debug.xcconfig */,
				3EF651D9D5689B1CD8F1603A /* Pods-Flix.release.xcconfig */,
				7C2958432B17DC9018143318 /* Pods-Flix-FlixUITests.debug.xcconfig */,
				16F98F4079D920BBAFB83FBB /* Pods-Flix-FlixUITests.release.xcconfig */,
				C6AA1923387C3D073703DFF3 /* Pods-FlixTests.debug.xcconfig */,
				CA180765CAFD346A6EB7F9A1 /* Pods-FlixTests.release.xcconfig */,
			);
			path = Pods;
			sourceTree = "<group>";
		};
/* End PBXGroup section */

/* Begin PBXNativeTarget section */
		2692274026E0449F008C8D21 /* Flix */ = {
			isa = PBXNativeTarget;
			buildConfigurationList = 2692276B26E044A1008C8D21 /* Build configuration list for PBXNativeTarget "Flix" */;
			buildPhases = (
				4E6AFF78F6E1CF83EF2903EF /* [CP] Check Pods Manifest.lock */,
				2692273D26E0449F008C8D21 /* Sources */,
				2692273E26E0449F008C8D21 /* Frameworks */,
				2692273F26E0449F008C8D21 /* Resources */,
				114947BDB4A2416FCD124BD0 /* [CP] Embed Pods Frameworks */,
			);
			buildRules = (
			);
			dependencies = (
			);
			name = Flix;
			packageProductDependencies = (
				263B0D5226E90B2800E4C836 /* AlamofireImage */,
			);
			productName = Flix;
			productReference = 2692274126E0449F008C8D21 /* Flix.app */;
			productType = "com.apple.product-type.application";
		};
		2692275626E044A1008C8D21 /* FlixTests */ = {
			isa = PBXNativeTarget;
			buildConfigurationList = 2692276E26E044A1008C8D21 /* Build configuration list for PBXNativeTarget "FlixTests" */;
			buildPhases = (
				DFB6DC3380A645408F6A996D /* [CP] Check Pods Manifest.lock */,
				2692275326E044A1008C8D21 /* Sources */,
				2692275426E044A1008C8D21 /* Frameworks */,
				2692275526E044A1008C8D21 /* Resources */,
			);
			buildRules = (
			);
			dependencies = (
				2692275926E044A1008C8D21 /* PBXTargetDependency */,
			);
			name = FlixTests;
			productName = FlixTests;
			productReference = 2692275726E044A1008C8D21 /* FlixTests.xctest */;
			productType = "com.apple.product-type.bundle.unit-test";
		};
		2692276126E044A1008C8D21 /* FlixUITests */ = {
			isa = PBXNativeTarget;
			buildConfigurationList = 2692277126E044A1008C8D21 /* Build configuration list for PBXNativeTarget "FlixUITests" */;
			buildPhases = (
				7D72E525CE1C7E632DC1123B /* [CP] Check Pods Manifest.lock */,
				2692275E26E044A1008C8D21 /* Sources */,
				2692275F26E044A1008C8D21 /* Frameworks */,
				2692276026E044A1008C8D21 /* Resources */,
				5EDB854AF163746916FE110E /* [CP] Embed Pods Frameworks */,
			);
			buildRules = (
			);
			dependencies = (
				2692276426E044A1008C8D21 /* PBXTargetDependency */,
			);
			name = FlixUITests;
			productName = FlixUITests;
			productReference = 2692276226E044A1008C8D21 /* FlixUITests.xctest */;
			productType = "com.apple.product-type.bundle.ui-testing";
		};
/* End PBXNativeTarget section */

/* Begin PBXProject section */
		2692273926E0449F008C8D21 /* Project object */ = {
			isa = PBXProject;
			attributes = {
				LastSwiftUpdateCheck = 1250;
				LastUpgradeCheck = 1250;
				TargetAttributes = {
					2692274026E0449F008C8D21 = {
						CreatedOnToolsVersion = 12.5.1;
					};
					2692275626E044A1008C8D21 = {
						CreatedOnToolsVersion = 12.5.1;
						TestTargetID = 2692274026E0449F008C8D21;
					};
					2692276126E044A1008C8D21 = {
						CreatedOnToolsVersion = 12.5.1;
						TestTargetID = 2692274026E0449F008C8D21;
					};
				};
			};
			buildConfigurationList = 2692273C26E0449F008C8D21 /* Build configuration list for PBXProject "Flix" */;
			compatibilityVersion = "Xcode 9.3";
			developmentRegion = en;
			hasScannedForEncodings = 0;
			knownRegions = (
				en,
				Base,
			);
			mainGroup = 2692273826E0449F008C8D21;
			packageReferences = (
				263B0D5126E90B2800E4C836 /* XCRemoteSwiftPackageReference "AlamofireImage" */,
			);
			productRefGroup = 2692274226E0449F008C8D21 /* Products */;
			projectDirPath = "";
			projectRoot = "";
			targets = (
				2692274026E0449F008C8D21 /* Flix */,
				2692275626E044A1008C8D21 /* FlixTests */,
				2692276126E044A1008C8D21 /* FlixUITests */,
			);
		};
/* End PBXProject section */

/* Begin PBXResourcesBuildPhase section */
		2692273F26E0449F008C8D21 /* Resources */ = {
			isa = PBXResourcesBuildPhase;
			buildActionMask = 2147483647;
			files = (
				2692275126E044A0008C8D21 /* LaunchScreen.storyboard in Resources */,
				2692274E26E044A0008C8D21 /* Assets.xcassets in Resources */,
				2692274C26E0449F008C8D21 /* Main.storyboard in Resources */,
			);
			runOnlyForDeploymentPostprocessing = 0;
		};
		2692275526E044A1008C8D21 /* Resources */ = {
			isa = PBXResourcesBuildPhase;
			buildActionMask = 2147483647;
			files = (
			);
			runOnlyForDeploymentPostprocessing = 0;
		};
		2692276026E044A1008C8D21 /* Resources */ = {
			isa = PBXResourcesBuildPhase;
			buildActionMask = 2147483647;
			files = (
			);
			runOnlyForDeploymentPostprocessing = 0;
		};
/* End PBXResourcesBuildPhase section */

/* Begin PBXShellScriptBuildPhase section */
		114947BDB4A2416FCD124BD0 /* [CP] Embed Pods Frameworks */ = {
			isa = PBXShellScriptBuildPhase;
			buildActionMask = 2147483647;
			files = (
			);
			inputFileListPaths = (
				"${PODS_ROOT}/Target Support Files/Pods-Flix/Pods-Flix-frameworks-${CONFIGURATION}-input-files.xcfilelist",
			);
			name = "[CP] Embed Pods Frameworks";
			outputFileListPaths = (
				"${PODS_ROOT}/Target Support Files/Pods-Flix/Pods-Flix-frameworks-${CONFIGURATION}-output-files.xcfilelist",
			);
			runOnlyForDeploymentPostprocessing = 0;
			shellPath = /bin/sh;
			shellScript = "\"${PODS_ROOT}/Target Support Files/Pods-Flix/Pods-Flix-frameworks.sh\"\n";
			showEnvVarsInLog = 0;
		};
		4E6AFF78F6E1CF83EF2903EF /* [CP] Check Pods Manifest.lock */ = {
			isa = PBXShellScriptBuildPhase;
			buildActionMask = 2147483647;
			files = (
			);
			inputFileListPaths = (
			);
			inputPaths = (
				"${PODS_PODFILE_DIR_PATH}/Podfile.lock",
				"${PODS_ROOT}/Manifest.lock",
			);
			name = "[CP] Check Pods Manifest.lock";
			outputFileListPaths = (
			);
			outputPaths = (
				"$(DERIVED_FILE_DIR)/Pods-Flix-checkManifestLockResult.txt",
			);
			runOnlyForDeploymentPostprocessing = 0;
			shellPath = /bin/sh;
			shellScript = "diff \"${PODS_PODFILE_DIR_PATH}/Podfile.lock\" \"${PODS_ROOT}/Manifest.lock\" > /dev/null\nif [ $? != 0 ] ; then\n    # print error to STDERR\n    echo \"error: The sandbox is not in sync with the Podfile.lock. Run 'pod install' or update your CocoaPods installation.\" >&2\n    exit 1\nfi\n# This output is used by Xcode 'outputs' to avoid re-running this script phase.\necho \"SUCCESS\" > \"${SCRIPT_OUTPUT_FILE_0}\"\n";
			showEnvVarsInLog = 0;
		};
		5EDB854AF163746916FE110E /* [CP] Embed Pods Frameworks */ = {
			isa = PBXShellScriptBuildPhase;
			buildActionMask = 2147483647;
			files = (
			);
			inputFileListPaths = (
				"${PODS_ROOT}/Target Support Files/Pods-Flix-FlixUITests/Pods-Flix-FlixUITests-frameworks-${CONFIGURATION}-input-files.xcfilelist",
			);
			name = "[CP] Embed Pods Frameworks";
			outputFileListPaths = (
				"${PODS_ROOT}/Target Support Files/Pods-Flix-FlixUITests/Pods-Flix-FlixUITests-frameworks-${CONFIGURATION}-output-files.xcfilelist",
			);
			runOnlyForDeploymentPostprocessing = 0;
			shellPath = /bin/sh;
			shellScript = "\"${PODS_ROOT}/Target Support Files/Pods-Flix-FlixUITests/Pods-Flix-FlixUITests-frameworks.sh\"\n";
			showEnvVarsInLog = 0;
		};
		7D72E525CE1C7E632DC1123B /* [CP] Check Pods Manifest.lock */ = {
			isa = PBXShellScriptBuildPhase;
			buildActionMask = 2147483647;
			files = (
			);
			inputFileListPaths = (
			);
			inputPaths = (
				"${PODS_PODFILE_DIR_PATH}/Podfile.lock",
				"${PODS_ROOT}/Manifest.lock",
			);
			name = "[CP] Check Pods Manifest.lock";
			outputFileListPaths = (
			);
			outputPaths = (
				"$(DERIVED_FILE_DIR)/Pods-Flix-FlixUITests-checkManifestLockResult.txt",
			);
			runOnlyForDeploymentPostprocessing = 0;
			shellPath = /bin/sh;
			shellScript = "diff \"${PODS_PODFILE_DIR_PATH}/Podfile.lock\" \"${PODS_ROOT}/Manifest.lock\" > /dev/null\nif [ $? != 0 ] ; then\n    # print error to STDERR\n    echo \"error: The sandbox is not in sync with the Podfile.lock. Run 'pod install' or update your CocoaPods installation.\" >&2\n    exit 1\nfi\n# This output is used by Xcode 'outputs' to avoid re-running this script phase.\necho \"SUCCESS\" > \"${SCRIPT_OUTPUT_FILE_0}\"\n";
			showEnvVarsInLog = 0;
		};
		DFB6DC3380A645408F6A996D /* [CP] Check Pods Manifest.lock */ = {
			isa = PBXShellScriptBuildPhase;
			buildActionMask = 2147483647;
			files = (
			);
			inputFileListPaths = (
			);
			inputPaths = (
				"${PODS_PODFILE_DIR_PATH}/Podfile.lock",
				"${PODS_ROOT}/Manifest.lock",
			);
			name = "[CP] Check Pods Manifest.lock";
			outputFileListPaths = (
			);
			outputPaths = (
				"$(DERIVED_FILE_DIR)/Pods-FlixTests-checkManifestLockResult.txt",
			);
			runOnlyForDeploymentPostprocessing = 0;
			shellPath = /bin/sh;
			shellScript = "diff \"${PODS_PODFILE_DIR_PATH}/Podfile.lock\" \"${PODS_ROOT}/Manifest.lock\" > /dev/null\nif [ $? != 0 ] ; then\n    # print error to STDERR\n    echo \"error: The sandbox is not in sync with the Podfile.lock. Run 'pod install' or update your CocoaPods installation.\" >&2\n    exit 1\nfi\n# This output is used by Xcode 'outputs' to avoid re-running this script phase.\necho \"SUCCESS\" > \"${SCRIPT_OUTPUT_FILE_0}\"\n";
			showEnvVarsInLog = 0;
		};
/* End PBXShellScriptBuildPhase section */

/* Begin PBXSourcesBuildPhase section */
		2692273D26E0449F008C8D21 /* Sources */ = {
			isa = PBXSourcesBuildPhase;
			buildActionMask = 2147483647;
			files = (
				26CBF1E626EE697800F9C793 /* MovieDetailsViewController.swift in Sources */,
				2692274526E0449F008C8D21 /* AppDelegate.swift in Sources */,
				2692274726E0449F008C8D21 /* SceneDelegate.swift in Sources */,
				2692277726E05C5B008C8D21 /* MovieCell.swift in Sources */,
				2692277526E04D17008C8D21 /* MoviesViewController.swift in Sources */,
				26CBF1E826EE83EC00F9C793 /* MovieGridViewController.swift in Sources */,
				26CBF1EA26EE8BCB00F9C793 /* MovieGridCell.swift in Sources */,
			);
			runOnlyForDeploymentPostprocessing = 0;
		};
		2692275326E044A1008C8D21 /* Sources */ = {
			isa = PBXSourcesBuildPhase;
			buildActionMask = 2147483647;
			files = (
				2692275C26E044A1008C8D21 /* FlixTests.swift in Sources */,
			);
			runOnlyForDeploymentPostprocessing = 0;
		};
		2692275E26E044A1008C8D21 /* Sources */ = {
			isa = PBXSourcesBuildPhase;
			buildActionMask = 2147483647;
			files = (
				2692276726E044A1008C8D21 /* FlixUITests.swift in Sources */,
			);
			runOnlyForDeploymentPostprocessing = 0;
		};
/* End PBXSourcesBuildPhase section */

/* Begin PBXTargetDependency section */
		2692275926E044A1008C8D21 /* PBXTargetDependency */ = {
			isa = PBXTargetDependency;
			target = 2692274026E0449F008C8D21 /* Flix */;
			targetProxy = 2692275826E044A1008C8D21 /* PBXContainerItemProxy */;
		};
		2692276426E044A1008C8D21 /* PBXTargetDependency */ = {
			isa = PBXTargetDependency;
			target = 2692274026E0449F008C8D21 /* Flix */;
			targetProxy = 2692276326E044A1008C8D21 /* PBXContainerItemProxy */;
		};
/* End PBXTargetDependency section */

/* Begin PBXVariantGroup section */
		2692274A26E0449F008C8D21 /* Main.storyboard */ = {
			isa = PBXVariantGroup;
			children = (
				2692274B26E0449F008C8D21 /* Base */,
			);
			name = Main.storyboard;
			sourceTree = "<group>";
		};
		2692274F26E044A0008C8D21 /* LaunchScreen.storyboard */ = {
			isa = PBXVariantGroup;
			children = (
				2692275026E044A0008C8D21 /* Base */,
			);
			name = LaunchScreen.storyboard;
			sourceTree = "<group>";
		};
/* End PBXVariantGroup section */

/* Begin XCBuildConfiguration section */
		2692276926E044A1008C8D21 /* Debug */ = {
			isa = XCBuildConfiguration;
			buildSettings = {
				ALWAYS_SEARCH_USER_PATHS = NO;
				CLANG_ANALYZER_NONNULL = YES;
				CLANG_ANALYZER_NUMBER_OBJECT_CONVERSION = YES_AGGRESSIVE;
				CLANG_CXX_LANGUAGE_STANDARD = "gnu++14";
				CLANG_CXX_LIBRARY = "libc++";
				CLANG_ENABLE_MODULES = YES;
				CLANG_ENABLE_OBJC_ARC = YES;
				CLANG_ENABLE_OBJC_WEAK = YES;
				CLANG_WARN_BLOCK_CAPTURE_AUTORELEASING = YES;
				CLANG_WARN_BOOL_CONVERSION = YES;
				CLANG_WARN_COMMA = YES;
				CLANG_WARN_CONSTANT_CONVERSION = YES;
				CLANG_WARN_DEPRECATED_OBJC_IMPLEMENTATIONS = YES;
				CLANG_WARN_DIRECT_OBJC_ISA_USAGE = YES_ERROR;
				CLANG_WARN_DOCUMENTATION_COMMENTS = YES;
				CLANG_WARN_EMPTY_BODY = YES;
				CLANG_WARN_ENUM_CONVERSION = YES;
				CLANG_WARN_INFINITE_RECURSION = YES;
				CLANG_WARN_INT_CONVERSION = YES;
				CLANG_WARN_NON_LITERAL_NULL_CONVERSION = YES;
				CLANG_WARN_OBJC_IMPLICIT_RETAIN_SELF = YES;
				CLANG_WARN_OBJC_LITERAL_CONVERSION = YES;
				CLANG_WARN_OBJC_ROOT_CLASS = YES_ERROR;
				CLANG_WARN_QUOTED_INCLUDE_IN_FRAMEWORK_HEADER = YES;
				CLANG_WARN_RANGE_LOOP_ANALYSIS = YES;
				CLANG_WARN_STRICT_PROTOTYPES = YES;
				CLANG_WARN_SUSPICIOUS_MOVE = YES;
				CLANG_WARN_UNGUARDED_AVAILABILITY = YES_AGGRESSIVE;
				CLANG_WARN_UNREACHABLE_CODE = YES;
				CLANG_WARN__DUPLICATE_METHOD_MATCH = YES;
				COPY_PHASE_STRIP = NO;
				DEBUG_INFORMATION_FORMAT = dwarf;
				ENABLE_STRICT_OBJC_MSGSEND = YES;
				ENABLE_TESTABILITY = YES;
				GCC_C_LANGUAGE_STANDARD = gnu11;
				GCC_DYNAMIC_NO_PIC = NO;
				GCC_NO_COMMON_BLOCKS = YES;
				GCC_OPTIMIZATION_LEVEL = 0;
				GCC_PREPROCESSOR_DEFINITIONS = (
					"DEBUG=1",
					"$(inherited)",
				);
				GCC_WARN_64_TO_32_BIT_CONVERSION = YES;
				GCC_WARN_ABOUT_RETURN_TYPE = YES_ERROR;
				GCC_WARN_UNDECLARED_SELECTOR = YES;
				GCC_WARN_UNINITIALIZED_AUTOS = YES_AGGRESSIVE;
				GCC_WARN_UNUSED_FUNCTION = YES;
				GCC_WARN_UNUSED_VARIABLE = YES;
				IPHONEOS_DEPLOYMENT_TARGET = 14.5;
				MTL_ENABLE_DEBUG_INFO = INCLUDE_SOURCE;
				MTL_FAST_MATH = YES;
				ONLY_ACTIVE_ARCH = YES;
				SDKROOT = iphoneos;
				SWIFT_ACTIVE_COMPILATION_CONDITIONS = DEBUG;
				SWIFT_OPTIMIZATION_LEVEL = "-Onone";
			};
			name = Debug;
		};
		2692276A26E044A1008C8D21 /* Release */ = {
			isa = XCBuildConfiguration;
			buildSettings = {
				ALWAYS_SEARCH_USER_PATHS = NO;
				CLANG_ANALYZER_NONNULL = YES;
				CLANG_ANALYZER_NUMBER_OBJECT_CONVERSION = YES_AGGRESSIVE;
				CLANG_CXX_LANGUAGE_STANDARD = "gnu++14";
				CLANG_CXX_LIBRARY = "libc++";
				CLANG_ENABLE_MODULES = YES;
				CLANG_ENABLE_OBJC_ARC = YES;
				CLANG_ENABLE_OBJC_WEAK = YES;
				CLANG_WARN_BLOCK_CAPTURE_AUTORELEASING = YES;
				CLANG_WARN_BOOL_CONVERSION = YES;
				CLANG_WARN_COMMA = YES;
				CLANG_WARN_CONSTANT_CONVERSION = YES;
				CLANG_WARN_DEPRECATED_OBJC_IMPLEMENTATIONS = YES;
				CLANG_WARN_DIRECT_OBJC_ISA_USAGE = YES_ERROR;
				CLANG_WARN_DOCUMENTATION_COMMENTS = YES;
				CLANG_WARN_EMPTY_BODY = YES;
				CLANG_WARN_ENUM_CONVERSION = YES;
				CLANG_WARN_INFINITE_RECURSION = YES;
				CLANG_WARN_INT_CONVERSION = YES;
				CLANG_WARN_NON_LITERAL_NULL_CONVERSION = YES;
				CLANG_WARN_OBJC_IMPLICIT_RETAIN_SELF = YES;
				CLANG_WARN_OBJC_LITERAL_CONVERSION = YES;
				CLANG_WARN_OBJC_ROOT_CLASS = YES_ERROR;
				CLANG_WARN_QUOTED_INCLUDE_IN_FRAMEWORK_HEADER = YES;
				CLANG_WARN_RANGE_LOOP_ANALYSIS = YES;
				CLANG_WARN_STRICT_PROTOTYPES = YES;
				CLANG_WARN_SUSPICIOUS_MOVE = YES;
				CLANG_WARN_UNGUARDED_AVAILABILITY = YES_AGGRESSIVE;
				CLANG_WARN_UNREACHABLE_CODE = YES;
				CLANG_WARN__DUPLICATE_METHOD_MATCH = YES;
				COPY_PHASE_STRIP = NO;
				DEBUG_INFORMATION_FORMAT = "dwarf-with-dsym";
				ENABLE_NS_ASSERTIONS = NO;
				ENABLE_STRICT_OBJC_MSGSEND = YES;
				GCC_C_LANGUAGE_STANDARD = gnu11;
				GCC_NO_COMMON_BLOCKS = YES;
				GCC_WARN_64_TO_32_BIT_CONVERSION = YES;
				GCC_WARN_ABOUT_RETURN_TYPE = YES_ERROR;
				GCC_WARN_UNDECLARED_SELECTOR = YES;
				GCC_WARN_UNINITIALIZED_AUTOS = YES_AGGRESSIVE;
				GCC_WARN_UNUSED_FUNCTION = YES;
				GCC_WARN_UNUSED_VARIABLE = YES;
				IPHONEOS_DEPLOYMENT_TARGET = 14.5;
				MTL_ENABLE_DEBUG_INFO = NO;
				MTL_FAST_MATH = YES;
				SDKROOT = iphoneos;
				SWIFT_COMPILATION_MODE = wholemodule;
				SWIFT_OPTIMIZATION_LEVEL = "-O";
				VALIDATE_PRODUCT = YES;
			};
			name = Release;
		};
		2692276C26E044A1008C8D21 /* Debug */ = {
			isa = XCBuildConfiguration;
			baseConfigurationReference = 74667E7294F0D2A69C92C2EB /* Pods-Flix.debug.xcconfig */;
			buildSettings = {
				ASSETCATALOG_COMPILER_APPICON_NAME = AppIcon;
				ASSETCATALOG_COMPILER_GLOBAL_ACCENT_COLOR_NAME = AccentColor;
				CODE_SIGN_STYLE = Automatic;
				INFOPLIST_FILE = Flix/Info.plist;
				LD_RUNPATH_SEARCH_PATHS = (
					"$(inherited)",
					"@executable_path/Frameworks",
				);
				PRODUCT_BUNDLE_IDENTIFIER = myApps.Flix;
				PRODUCT_NAME = "$(TARGET_NAME)";
				SWIFT_VERSION = 5.0;
				TARGETED_DEVICE_FAMILY = "1,2";
			};
			name = Debug;
		};
		2692276D26E044A1008C8D21 /* Release */ = {
			isa = XCBuildConfiguration;
			baseConfigurationReference = 3EF651D9D5689B1CD8F1603A /* Pods-Flix.release.xcconfig */;
			buildSettings = {
				ASSETCATALOG_COMPILER_APPICON_NAME = AppIcon;
				ASSETCATALOG_COMPILER_GLOBAL_ACCENT_COLOR_NAME = AccentColor;
				CODE_SIGN_STYLE = Automatic;
				INFOPLIST_FILE = Flix/Info.plist;
				LD_RUNPATH_SEARCH_PATHS = (
					"$(inherited)",
					"@executable_path/Frameworks",
				);
				PRODUCT_BUNDLE_IDENTIFIER = myApps.Flix;
				PRODUCT_NAME = "$(TARGET_NAME)";
				SWIFT_VERSION = 5.0;
				TARGETED_DEVICE_FAMILY = "1,2";
			};
			name = Release;
		};
		2692276F26E044A1008C8D21 /* Debug */ = {
			isa = XCBuildConfiguration;
			baseConfigurationReference = C6AA1923387C3D073703DFF3 /* Pods-FlixTests.debug.xcconfig */;
			buildSettings = {
				ALWAYS_EMBED_SWIFT_STANDARD_LIBRARIES = YES;
				BUNDLE_LOADER = "$(TEST_HOST)";
				CODE_SIGN_STYLE = Automatic;
				INFOPLIST_FILE = FlixTests/Info.plist;
				IPHONEOS_DEPLOYMENT_TARGET = 14.5;
				LD_RUNPATH_SEARCH_PATHS = (
					"$(inherited)",
					"@executable_path/Frameworks",
					"@loader_path/Frameworks",
				);
				PRODUCT_BUNDLE_IDENTIFIER = myApps.FlixTests;
				PRODUCT_NAME = "$(TARGET_NAME)";
				SWIFT_VERSION = 5.0;
				TARGETED_DEVICE_FAMILY = "1,2";
				TEST_HOST = "$(BUILT_PRODUCTS_DIR)/Flix.app/Flix";
			};
			name = Debug;
		};
		2692277026E044A1008C8D21 /* Release */ = {
			isa = XCBuildConfiguration;
			baseConfigurationReference = CA180765CAFD346A6EB7F9A1 /* Pods-FlixTests.release.xcconfig */;
			buildSettings = {
				ALWAYS_EMBED_SWIFT_STANDARD_LIBRARIES = YES;
				BUNDLE_LOADER = "$(TEST_HOST)";
				CODE_SIGN_STYLE = Automatic;
				INFOPLIST_FILE = FlixTests/Info.plist;
				IPHONEOS_DEPLOYMENT_TARGET = 14.5;
				LD_RUNPATH_SEARCH_PATHS = (
					"$(inherited)",
					"@executable_path/Frameworks",
					"@loader_path/Frameworks",
				);
				PRODUCT_BUNDLE_IDENTIFIER = myApps.FlixTests;
				PRODUCT_NAME = "$(TARGET_NAME)";
				SWIFT_VERSION = 5.0;
				TARGETED_DEVICE_FAMILY = "1,2";
				TEST_HOST = "$(BUILT_PRODUCTS_DIR)/Flix.app/Flix";
			};
			name = Release;
		};
		2692277226E044A1008C8D21 /* Debug */ = {
			isa = XCBuildConfiguration;
			baseConfigurationReference = 7C2958432B17DC9018143318 /* Pods-Flix-FlixUITests.debug.xcconfig */;
			buildSettings = {
				ALWAYS_EMBED_SWIFT_STANDARD_LIBRARIES = YES;
				CODE_SIGN_STYLE = Automatic;
				INFOPLIST_FILE = FlixUITests/Info.plist;
				LD_RUNPATH_SEARCH_PATHS = (
					"$(inherited)",
					"@executable_path/Frameworks",
					"@loader_path/Frameworks",
				);
				PRODUCT_BUNDLE_IDENTIFIER = myApps.FlixUITests;
				PRODUCT_NAME = "$(TARGET_NAME)";
				SWIFT_VERSION = 5.0;
				TARGETED_DEVICE_FAMILY = "1,2";
				TEST_TARGET_NAME = Flix;
			};
			name = Debug;
		};
		2692277326E044A1008C8D21 /* Release */ = {
			isa = XCBuildConfiguration;
			baseConfigurationReference = 16F98F4079D920BBAFB83FBB /* Pods-Flix-FlixUITests.release.xcconfig */;
			buildSettings = {
				ALWAYS_EMBED_SWIFT_STANDARD_LIBRARIES = YES;
				CODE_SIGN_STYLE = Automatic;
				INFOPLIST_FILE = FlixUITests/Info.plist;
				LD_RUNPATH_SEARCH_PATHS = (
					"$(inherited)",
					"@executable_path/Frameworks",
					"@loader_path/Frameworks",
				);
				PRODUCT_BUNDLE_IDENTIFIER = myApps.FlixUITests;
				PRODUCT_NAME = "$(TARGET_NAME)";
				SWIFT_VERSION = 5.0;
				TARGETED_DEVICE_FAMILY = "1,2";
				TEST_TARGET_NAME = Flix;
			};
			name = Release;
		};
/* End XCBuildConfiguration section */

/* Begin XCConfigurationList section */
		2692273C26E0449F008C8D21 /* Build configuration list for PBXProject "Flix" */ = {
			isa = XCConfigurationList;
			buildConfigurations = (
				2692276926E044A1008C8D21 /* Debug */,
				2692276A26E044A1008C8D21 /* Release */,
			);
			defaultConfigurationIsVisible = 0;
			defaultConfigurationName = Release;
		};
		2692276B26E044A1008C8D21 /* Build configuration list for PBXNativeTarget "Flix" */ = {
			isa = XCConfigurationList;
			buildConfigurations = (
				2692276C26E044A1008C8D21 /* Debug */,
				2692276D26E044A1008C8D21 /* Release */,
			);
			defaultConfigurationIsVisible = 0;
			defaultConfigurationName = Release;
		};
		2692276E26E044A1008C8D21 /* Build configuration list for PBXNativeTarget "FlixTests" */ = {
			isa = XCConfigurationList;
			buildConfigurations = (
				2692276F26E044A1008C8D21 /* Debug */,
				2692277026E044A1008C8D21 /* Release */,
			);
			defaultConfigurationIsVisible = 0;
			defaultConfigurationName = Release;
		};
		2692277126E044A1008C8D21 /* Build configuration list for PBXNativeTarget "FlixUITests" */ = {
			isa = XCConfigurationList;
			buildConfigurations = (
				2692277226E044A1008C8D21 /* Debug */,
				2692277326E044A1008C8D21 /* Release */,
			);
			defaultConfigurationIsVisible = 0;
			defaultConfigurationName = Release;
		};
/* End XCConfigurationList section */

/* Begin XCRemoteSwiftPackageReference section */
		263B0D5126E90B2800E4C836 /* XCRemoteSwiftPackageReference "AlamofireImage" */ = {
			isa = XCRemoteSwiftPackageReference;
			repositoryURL = "https://github.com/Alamofire/AlamofireImage";
			requirement = {
				kind = upToNextMajorVersion;
				minimumVersion = 4.2.0;
			};
		};
/* End XCRemoteSwiftPackageReference section */

/* Begin XCSwiftPackageProductDependency section */
		263B0D5226E90B2800E4C836 /* AlamofireImage */ = {
			isa = XCSwiftPackageProductDependency;
			package = 263B0D5126E90B2800E4C836 /* XCRemoteSwiftPackageReference "AlamofireImage" */;
			productName = AlamofireImage;
		};
/* End XCSwiftPackageProductDependency section */
	};
	rootObject = 2692273926E0449F008C8D21 /* Project object */;
}
